
Microsoft Visual Studio Solution File, Format Version 12.00
# Visual Studio Version 17
VisualStudioVersion = 17.3.32929.385
MinimumVisualStudioVersion = 10.0.40219.1
Project("{9A19103F-16F7-4668-BE54-9A1E7A4F7556}") = "Lan.Shapes", "src\Lan.Shapes\Lan.Shapes.csproj", "{061B040E-CD17-4D39-B0BB-8ECF96977CF9}"
EndProject
Project("{9A19103F-16F7-4668-BE54-9A1E7A4F7556}") = "Lan.SketchBoard", "src\Lan.SketchBoard\Lan.SketchBoard.csproj", "{75C0EA06-A765-4801-94E7-9E5D02A7D4E6}"
EndProject
Project("{9A19103F-16F7-4668-BE54-9A1E7A4F7556}") = "Lan.Shapes.App", "Test\Lan.Shapes.TestApp\Lan.Shapes.App.csproj", "{F447EFCD-F5D7-4950-BE42-C899271A7A26}"
EndProject
Project("{2150E333-8FDC-42A3-9474-1A3956D46DE8}") = "Source", "Source", "{72CD207F-85D8-4F06-90A0-8BCCF15D9E16}"
EndProject
Project("{2150E333-8FDC-42A3-9474-1A3956D46DE8}") = "App", "App", "{86C7D4B1-878E-42CF-A839-FC79516BEE77}"
EndProject
Project("{9A19103F-16F7-4668-BE54-9A1E7A4F7556}") = "Lan.ImageViewer", "src\Lan.ImageViewer\Lan.ImageViewer.csproj", "{5A3FD69B-7D8B-4F11-8F16-E3881CD25A9D}"
	ProjectSection(ProjectDependencies) = postProject
		{061B040E-CD17-4D39-B0BB-8ECF96977CF9} = {061B040E-CD17-4D39-B0BB-8ECF96977CF9}
	EndProjectSection
EndProject
Project("{9A19103F-16F7-4668-BE54-9A1E7A4F7556}") = "Lan.Shapes.Custom", "src\Lan.Shapes.Custom\Lan.Shapes.Custom.csproj", "{C3A182D6-E5B6-40CB-898E-647C7EED4528}"
EndProject
Project("{9A19103F-16F7-4668-BE54-9A1E7A4F7556}") = "Lan.Shapes.DialogGeometry", "src\Lan.Shapes.DialogGeometry\Lan.Shapes.DialogGeometry.csproj", "{BD976BF8-49FA-479C-9B1F-59A561F9776E}"
EndProject
Project("{FAE04EC0-301F-11D3-BF4B-00C04F79EFBC}") = "Lan.ImageViewer.Prism", "src\Lan.ImageViewer.Prism\Lan.ImageViewer.Prism.csproj", "{E10DD370-D1E3-4E23-BE7D-11A1555257C8}"
EndProject
Global
	GlobalSection(SolutionConfigurationPlatforms) = preSolution
		Debug|Any CPU = Debug|Any CPU
		Release|Any CPU = Release|Any CPU
	EndGlobalSection
	GlobalSection(ProjectConfigurationPlatforms) = postSolution
		{061B040E-CD17-4D39-B0BB-8ECF96977CF9}.Debug|Any CPU.ActiveCfg = Debug|Any CPU
		{061B040E-CD17-4D39-B0BB-8ECF96977CF9}.Debug|Any CPU.Build.0 = Debug|Any CPU
		{061B040E-CD17-4D39-B0BB-8ECF96977CF9}.Release|Any CPU.ActiveCfg = Release|Any CPU
		{061B040E-CD17-4D39-B0BB-8ECF96977CF9}.Release|Any CPU.Build.0 = Release|Any CPU
		{75C0EA06-A765-4801-94E7-9E5D02A7D4E6}.Debug|Any CPU.ActiveCfg = Debug|Any CPU
		{75C0EA06-A765-4801-94E7-9E5D02A7D4E6}.Debug|Any CPU.Build.0 = Debug|Any CPU
		{75C0EA06-A765-4801-94E7-9E5D02A7D4E6}.Release|Any CPU.ActiveCfg = Release|Any CPU
		{75C0EA06-A765-4801-94E7-9E5D02A7D4E6}.Release|Any CPU.Build.0 = Release|Any CPU
		{F447EFCD-F5D7-4950-BE42-C899271A7A26}.Debug|Any CPU.ActiveCfg = Debug|Any CPU
		{F447EFCD-F5D7-4950-BE42-C899271A7A26}.Debug|Any CPU.Build.0 = Debug|Any CPU
		{F447EFCD-F5D7-4950-BE42-C899271A7A26}.Release|Any CPU.ActiveCfg = Release|Any CPU
		{F447EFCD-F5D7-4950-BE42-C899271A7A26}.Release|Any CPU.Build.0 = Release|Any CPU
		{5A3FD69B-7D8B-4F11-8F16-E3881CD25A9D}.Debug|Any CPU.ActiveCfg = Debug|Any CPU
		{5A3FD69B-7D8B-4F11-8F16-E3881CD25A9D}.Debug|Any CPU.Build.0 = Debug|Any CPU
		{5A3FD69B-7D8B-4F11-8F16-E3881CD25A9D}.Release|Any CPU.ActiveCfg = Release|Any CPU
		{5A3FD69B-7D8B-4F11-8F16-E3881CD25A9D}.Release|Any CPU.Build.0 = Release|Any CPU
		{C3A182D6-E5B6-40CB-898E-647C7EED4528}.Debug|Any CPU.ActiveCfg = Debug|Any CPU
		{C3A182D6-E5B6-40CB-898E-647C7EED4528}.Debug|Any CPU.Build.0 = Debug|Any CPU
		{C3A182D6-E5B6-40CB-898E-647C7EED4528}.Release|Any CPU.ActiveCfg = Release|Any CPU
		{C3A182D6-E5B6-40CB-898E-647C7EED4528}.Release|Any CPU.Build.0 = Release|Any CPU
		{BD976BF8-49FA-479C-9B1F-59A561F9776E}.Debug|Any CPU.ActiveCfg = Debug|Any CPU
		{BD976BF8-49FA-479C-9B1F-59A561F9776E}.Debug|Any CPU.Build.0 = Debug|Any CPU
		{BD976BF8-49FA-479C-9B1F-59A561F9776E}.Release|Any CPU.ActiveCfg = Release|Any CPU
		{BD976BF8-49FA-479C-9B1F-59A561F9776E}.Release|Any CPU.Build.0 = Release|Any CPU
		{E10DD370-D1E3-4E23-BE7D-11A1555257C8}.Debug|Any CPU.ActiveCfg = Debug|Any CPU
		{E10DD370-D1E3-4E23-BE7D-11A1555257C8}.Debug|Any CPU.Build.0 = Debug|Any CPU
		{E10DD370-D1E3-4E23-BE7D-11A1555257C8}.Release|Any CPU.ActiveCfg = Release|Any CPU
		{E10DD370-D1E3-4E23-BE7D-11A1555257C8}.Release|Any CPU.Build.0 = Release|Any CPU
	EndGlobalSection
	GlobalSection(SolutionProperties) = preSolution
		HideSolutionNode = FALSE
	EndGlobalSection
	GlobalSection(NestedProjects) = preSolution
		{061B040E-CD17-4D39-B0BB-8ECF96977CF9} = {72CD207F-85D8-4F06-90A0-8BCCF15D9E16}
		{75C0EA06-A765-4801-94E7-9E5D02A7D4E6} = {72CD207F-85D8-4F06-90A0-8BCCF15D9E16}
		{F447EFCD-F5D7-4950-BE42-C899271A7A26} = {86C7D4B1-878E-42CF-A839-FC79516BEE77}
		{5A3FD69B-7D8B-4F11-8F16-E3881CD25A9D} = {72CD207F-85D8-4F06-90A0-8BCCF15D9E16}
		{C3A182D6-E5B6-40CB-898E-647C7EED4528} = {72CD207F-85D8-4F06-90A0-8BCCF15D9E16}
		{BD976BF8-49FA-479C-9B1F-59A561F9776E} = {72CD207F-85D8-4F06-90A0-8BCCF15D9E16}
		{E10DD370-D1E3-4E23-BE7D-11A1555257C8} = {72CD207F-85D8-4F06-90A0-8BCCF15D9E16}
	EndGlobalSection
	GlobalSection(ExtensibilityGlobals) = postSolution
		SolutionGuid = {B85921A7-54EA-4457-A6A5-6FA9797B8176}
	EndGlobalSection
EndGlobal
